
Microsoft Visual Studio Solution File, Format Version 12.00
# Visual Studio Version 16
VisualStudioVersion = 16.0.28803.202
MinimumVisualStudioVersion = 10.0.40219.1
Project("{9A19103F-16F7-4668-BE54-9A1E7A4F7556}") = "POS.DTO", "POS.DTO\POS.DTO.csproj", "{D900FCB7-7726-420A-AA13-FCF6E95B004B}"
EndProject
Project("{9A19103F-16F7-4668-BE54-9A1E7A4F7556}") = "POS.Core", "POS.Core\POS.Core.csproj", "{626928A0-65A1-417F-9921-DC344DCA3C5B}"
EndProject
Project("{9A19103F-16F7-4668-BE54-9A1E7A4F7556}") = "POS.UI", "POS.UI\POS.UI.csproj", "{B6667C00-33E1-4FC1-A233-8B92D2DCAE75}"
EndProject
Project("{FAE04EC0-301F-11D3-BF4B-00C04F79EFBC}") = "POS.ClientService", "POS.ClientService\POS.ClientService.csproj", "{B34448E0-2905-43A9-A15C-FA30BA519FC3}"
EndProject
Global
	GlobalSection(SolutionConfigurationPlatforms) = preSolution
		Debug|Any CPU = Debug|Any CPU
		Release|Any CPU = Release|Any CPU
	EndGlobalSection
	GlobalSection(ProjectConfigurationPlatforms) = postSolution
		{D900FCB7-7726-420A-AA13-FCF6E95B004B}.Debug|Any CPU.ActiveCfg = Debug|Any CPU
		{D900FCB7-7726-420A-AA13-FCF6E95B004B}.Debug|Any CPU.Build.0 = Debug|Any CPU
		{D900FCB7-7726-420A-AA13-FCF6E95B004B}.Release|Any CPU.ActiveCfg = Release|Any CPU
		{D900FCB7-7726-420A-AA13-FCF6E95B004B}.Release|Any CPU.Build.0 = Release|Any CPU
		{626928A0-65A1-417F-9921-DC344DCA3C5B}.Debug|Any CPU.ActiveCfg = Debug|Any CPU
		{626928A0-65A1-417F-9921-DC344DCA3C5B}.Debug|Any CPU.Build.0 = Debug|Any CPU
		{626928A0-65A1-417F-9921-DC344DCA3C5B}.Release|Any CPU.ActiveCfg = Release|Any CPU
		{626928A0-65A1-417F-9921-DC344DCA3C5B}.Release|Any CPU.Build.0 = Release|Any CPU
		{B6667C00-33E1-4FC1-A233-8B92D2DCAE75}.Debug|Any CPU.ActiveCfg = Debug|Any CPU
		{B6667C00-33E1-4FC1-A233-8B92D2DCAE75}.Debug|Any CPU.Build.0 = Debug|Any CPU
		{B6667C00-33E1-4FC1-A233-8B92D2DCAE75}.Release|Any CPU.ActiveCfg = Release|Any CPU
		{B6667C00-33E1-4FC1-A233-8B92D2DCAE75}.Release|Any CPU.Build.0 = Release|Any CPU
		{B34448E0-2905-43A9-A15C-FA30BA519FC3}.Debug|Any CPU.ActiveCfg = Debug|Any CPU
		{B34448E0-2905-43A9-A15C-FA30BA519FC3}.Debug|Any CPU.Build.0 = Debug|Any CPU
		{B34448E0-2905-43A9-A15C-FA30BA519FC3}.Release|Any CPU.ActiveCfg = Release|Any CPU
		{B34448E0-2905-43A9-A15C-FA30BA519FC3}.Release|Any CPU.Build.0 = Release|Any CPU
	EndGlobalSection
	GlobalSection(SolutionProperties) = preSolution
		HideSolutionNode = FALSE
	EndGlobalSection
	GlobalSection(ExtensibilityGlobals) = postSolution
		SolutionGuid = {3EEB9231-A0D3-4836-8745-F5A30E51086D}
	EndGlobalSection
EndGlobal
